{
  "object": {
    "pins": [
      {
        "package": "XCTestExtensions",
        "repositoryURL": "https://github.com/elegantchaos/XCTestExtensions.git",
        "state": {
          "branch": null,
          "revision": "ee60f51053db8a0f513e7f593668a65867d79311",
          "version": "1.0.7"
        }
      }
    ]
  },
  "version": 1
}
