// !$*UTF8*$!
{
	archiveVersion = 1;
	classes = {
	};
	objectVersion = 52;
	objects = {

/* Begin PBXBuildFile section */
		8B593D7123ACEA040090AC60 /* AppDelegate.swift in Sources */ = {isa = PBXBuildFile; fileRef = 8B593D7023ACEA040090AC60 /* AppDelegate.swift */; };
		8B593D7323ACEA040090AC60 /* DocumentBrowserViewController.swift in Sources */ = {isa = PBXBuildFile; fileRef = 8B593D7223ACEA040090AC60 /* DocumentBrowserViewController.swift */; };
		8B593D7523ACEA040090AC60 /* DocumentViewController.swift in Sources */ = {isa = PBXBuildFile; fileRef = 8B593D7423ACEA040090AC60 /* DocumentViewController.swift */; };
		8B593D7723ACEA040090AC60 /* InterchangeDocument.swift in Sources */ = {isa = PBXBuildFile; fileRef = 8B593D7623ACEA040090AC60 /* InterchangeDocument.swift */; };
		8B593D7A23ACEA040090AC60 /* Main.storyboard in Resources */ = {isa = PBXBuildFile; fileRef = 8B593D7823ACEA040090AC60 /* Main.storyboard */; };
		8B593D7C23ACEA050090AC60 /* Assets.xcassets in Resources */ = {isa = PBXBuildFile; fileRef = 8B593D7B23ACEA050090AC60 /* Assets.xcassets */; };
		8B593D7F23ACEA050090AC60 /* LaunchScreen.storyboard in Resources */ = {isa = PBXBuildFile; fileRef = 8B593D7D23ACEA050090AC60 /* LaunchScreen.storyboard */; };
		8B593D8A23ACEA050090AC60 /* DatastoreViewerTests.swift in Sources */ = {isa = PBXBuildFile; fileRef = 8B593D8923ACEA050090AC60 /* DatastoreViewerTests.swift */; };
		8B593D9523ACEA050090AC60 /* DatastoreViewerUITests.swift in Sources */ = {isa = PBXBuildFile; fileRef = 8B593D9423ACEA050090AC60 /* DatastoreViewerUITests.swift */; };
		8B593DA423ACEAB90090AC60 /* Datastore in Frameworks */ = {isa = PBXBuildFile; productRef = 8B593DA323ACEAB90090AC60 /* Datastore */; };
		8B593DA923AD2A0C0090AC60 /* DatastoreKit in Frameworks */ = {isa = PBXBuildFile; productRef = 8B593DA823AD2A0C0090AC60 /* DatastoreKit */; };
		8B598ADA23CCBE9F005873E1 /* DocumentFailedViewController.swift in Sources */ = {isa = PBXBuildFile; fileRef = 8B598AD923CCBE9F005873E1 /* DocumentFailedViewController.swift */; };
		8B59BC7423D7215E007185B9 /* SampleData.json in Resources */ = {isa = PBXBuildFile; fileRef = 8B59BC7323D7215E007185B9 /* SampleData.json */; };
		8B59BC7723D7231E007185B9 /* ApplicationExtensions in Frameworks */ = {isa = PBXBuildFile; productRef = 8B59BC7623D7231E007185B9 /* ApplicationExtensions */; };
/* End PBXBuildFile section */

/* Begin PBXContainerItemProxy section */
		8B593D8623ACEA050090AC60 /* PBXContainerItemProxy */ = {
			isa = PBXContainerItemProxy;
			containerPortal = 8B593D6523ACEA040090AC60 /* Project object */;
			proxyType = 1;
			remoteGlobalIDString = 8B593D6C23ACEA040090AC60;
			remoteInfo = DatastoreViewer;
		};
		8B593D9123ACEA050090AC60 /* PBXContainerItemProxy */ = {
			isa = PBXContainerItemProxy;
			containerPortal = 8B593D6523ACEA040090AC60 /* Project object */;
			proxyType = 1;
			remoteGlobalIDString = 8B593D6C23ACEA040090AC60;
			remoteInfo = DatastoreViewer;
		};
/* End PBXContainerItemProxy section */

/* Begin PBXFileReference section */
		8B55AE1923D1DB9600B51C66 /* DatastoreViewer.entitlements */ = {isa = PBXFileReference; lastKnownFileType = text.plist.entitlements; path = DatastoreViewer.entitlements; sourceTree = "<group>"; };
		8B593D6D23ACEA040090AC60 /* DatastoreViewer.app */ = {isa = PBXFileReference; explicitFileType = wrapper.application; includeInIndex = 0; path = DatastoreViewer.app; sourceTree = BUILT_PRODUCTS_DIR; };
		8B593D7023ACEA040090AC60 /* AppDelegate.swift */ = {isa = PBXFileReference; lastKnownFileType = sourcecode.swift; path = AppDelegate.swift; sourceTree = "<group>"; };
		8B593D7223ACEA040090AC60 /* DocumentBrowserViewController.swift */ = {isa = PBXFileReference; lastKnownFileType = sourcecode.swift; path = DocumentBrowserViewController.swift; sourceTree = "<group>"; };
		8B593D7423ACEA040090AC60 /* DocumentViewController.swift */ = {isa = PBXFileReference; lastKnownFileType = sourcecode.swift; path = DocumentViewController.swift; sourceTree = "<group>"; };
		8B593D7623ACEA040090AC60 /* InterchangeDocument.swift */ = {isa = PBXFileReference; lastKnownFileType = sourcecode.swift; path = InterchangeDocument.swift; sourceTree = "<group>"; };
		8B593D7923ACEA040090AC60 /* Base */ = {isa = PBXFileReference; lastKnownFileType = file.storyboard; name = Base; path = Base.lproj/Main.storyboard; sourceTree = "<group>"; };
		8B593D7B23ACEA050090AC60 /* Assets.xcassets */ = {isa = PBXFileReference; lastKnownFileType = folder.assetcatalog; path = Assets.xcassets; sourceTree = "<group>"; };
		8B593D7E23ACEA050090AC60 /* Base */ = {isa = PBXFileReference; lastKnownFileType = file.storyboard; name = Base; path = Base.lproj/LaunchScreen.storyboard; sourceTree = "<group>"; };
		8B593D8023ACEA050090AC60 /* Info.plist */ = {isa = PBXFileReference; lastKnownFileType = text.plist.xml; path = Info.plist; sourceTree = "<group>"; };
		8B593D8523ACEA050090AC60 /* DatastoreViewerTests.xctest */ = {isa = PBXFileReference; explicitFileType = wrapper.cfbundle; includeInIndex = 0; path = DatastoreViewerTests.xctest; sourceTree = BUILT_PRODUCTS_DIR; };
		8B593D8923ACEA050090AC60 /* DatastoreViewerTests.swift */ = {isa = PBXFileReference; lastKnownFileType = sourcecode.swift; path = DatastoreViewerTests.swift; sourceTree = "<group>"; };
		8B593D8B23ACEA050090AC60 /* Info.plist */ = {isa = PBXFileReference; lastKnownFileType = text.plist.xml; path = Info.plist; sourceTree = "<group>"; };
		8B593D9023ACEA050090AC60 /* DatastoreViewerUITests.xctest */ = {isa = PBXFileReference; explicitFileType = wrapper.cfbundle; includeInIndex = 0; path = DatastoreViewerUITests.xctest; sourceTree = BUILT_PRODUCTS_DIR; };
		8B593D9423ACEA050090AC60 /* DatastoreViewerUITests.swift */ = {isa = PBXFileReference; lastKnownFileType = sourcecode.swift; path = DatastoreViewerUITests.swift; sourceTree = "<group>"; };
		8B593D9623ACEA050090AC60 /* Info.plist */ = {isa = PBXFileReference; lastKnownFileType = text.plist.xml; path = Info.plist; sourceTree = "<group>"; };
		8B598AD923CCBE9F005873E1 /* DocumentFailedViewController.swift */ = {isa = PBXFileReference; lastKnownFileType = sourcecode.swift; path = DocumentFailedViewController.swift; sourceTree = "<group>"; };
		8B59BC7323D7215E007185B9 /* SampleData.json */ = {isa = PBXFileReference; lastKnownFileType = text.json; path = SampleData.json; sourceTree = "<group>"; };
/* End PBXFileReference section */

/* Begin PBXFrameworksBuildPhase section */
		8B593D6A23ACEA040090AC60 /* Frameworks */ = {
			isa = PBXFrameworksBuildPhase;
			buildActionMask = 2147483647;
			files = (
				8B593DA423ACEAB90090AC60 /* Datastore in Frameworks */,
				8B59BC7723D7231E007185B9 /* ApplicationExtensions in Frameworks */,
				8B593DA923AD2A0C0090AC60 /* DatastoreKit in Frameworks */,
			);
			runOnlyForDeploymentPostprocessing = 0;
		};
		8B593D8223ACEA050090AC60 /* Frameworks */ = {
			isa = PBXFrameworksBuildPhase;
			buildActionMask = 2147483647;
			files = (
			);
			runOnlyForDeploymentPostprocessing = 0;
		};
		8B593D8D23ACEA050090AC60 /* Frameworks */ = {
			isa = PBXFrameworksBuildPhase;
			buildActionMask = 2147483647;
			files = (
			);
			runOnlyForDeploymentPostprocessing = 0;
		};
/* End PBXFrameworksBuildPhase section */

/* Begin PBXGroup section */
		8B593D6423ACEA040090AC60 = {
			isa = PBXGroup;
			children = (
				8B593D6F23ACEA040090AC60 /* DatastoreViewer */,
				8B593D8823ACEA050090AC60 /* DatastoreViewerTests */,
				8B593D9323ACEA050090AC60 /* DatastoreViewerUITests */,
				8B593D6E23ACEA040090AC60 /* Products */,
				8B593DA723AD2A0C0090AC60 /* Frameworks */,
			);
			sourceTree = "<group>";
		};
		8B593D6E23ACEA040090AC60 /* Products */ = {
			isa = PBXGroup;
			children = (
				8B593D6D23ACEA040090AC60 /* DatastoreViewer.app */,
				8B593D8523ACEA050090AC60 /* DatastoreViewerTests.xctest */,
				8B593D9023ACEA050090AC60 /* DatastoreViewerUITests.xctest */,
			);
			name = Products;
			sourceTree = "<group>";
		};
		8B593D6F23ACEA040090AC60 /* DatastoreViewer */ = {
			isa = PBXGroup;
			children = (
				8B55AE1923D1DB9600B51C66 /* DatastoreViewer.entitlements */,
				8B593D7023ACEA040090AC60 /* AppDelegate.swift */,
				8B593D7223ACEA040090AC60 /* DocumentBrowserViewController.swift */,
				8B593D7423ACEA040090AC60 /* DocumentViewController.swift */,
				8B598AD923CCBE9F005873E1 /* DocumentFailedViewController.swift */,
				8B593D7623ACEA040090AC60 /* InterchangeDocument.swift */,
				8B593D7823ACEA040090AC60 /* Main.storyboard */,
				8B593D7B23ACEA050090AC60 /* Assets.xcassets */,
				8B593D7D23ACEA050090AC60 /* LaunchScreen.storyboard */,
				8B593D8023ACEA050090AC60 /* Info.plist */,
				8B59BC7323D7215E007185B9 /* SampleData.json */,
			);
			path = DatastoreViewer;
			sourceTree = "<group>";
		};
		8B593D8823ACEA050090AC60 /* DatastoreViewerTests */ = {
			isa = PBXGroup;
			children = (
				8B593D8923ACEA050090AC60 /* DatastoreViewerTests.swift */,
				8B593D8B23ACEA050090AC60 /* Info.plist */,
			);
			path = DatastoreViewerTests;
			sourceTree = "<group>";
		};
		8B593D9323ACEA050090AC60 /* DatastoreViewerUITests */ = {
			isa = PBXGroup;
			children = (
				8B593D9423ACEA050090AC60 /* DatastoreViewerUITests.swift */,
				8B593D9623ACEA050090AC60 /* Info.plist */,
			);
			path = DatastoreViewerUITests;
			sourceTree = "<group>";
		};
		8B593DA723AD2A0C0090AC60 /* Frameworks */ = {
			isa = PBXGroup;
			children = (
			);
			name = Frameworks;
			sourceTree = "<group>";
		};
/* End PBXGroup section */

/* Begin PBXNativeTarget section */
		8B593D6C23ACEA040090AC60 /* DatastoreViewer */ = {
			isa = PBXNativeTarget;
			buildConfigurationList = 8B593D9923ACEA050090AC60 /* Build configuration list for PBXNativeTarget "DatastoreViewer" */;
			buildPhases = (
				8B593D6923ACEA040090AC60 /* Sources */,
				8B593D6A23ACEA040090AC60 /* Frameworks */,
				8B593D6B23ACEA040090AC60 /* Resources */,
			);
			buildRules = (
			);
			dependencies = (
			);
			name = DatastoreViewer;
			packageProductDependencies = (
				8B593DA323ACEAB90090AC60 /* Datastore */,
				8B593DA823AD2A0C0090AC60 /* DatastoreKit */,
				8B59BC7623D7231E007185B9 /* ApplicationExtensions */,
			);
			productName = DatastoreViewer;
			productReference = 8B593D6D23ACEA040090AC60 /* DatastoreViewer.app */;
			productType = "com.apple.product-type.application";
		};
		8B593D8423ACEA050090AC60 /* DatastoreViewerTests */ = {
			isa = PBXNativeTarget;
			buildConfigurationList = 8B593D9C23ACEA050090AC60 /* Build configuration list for PBXNativeTarget "DatastoreViewerTests" */;
			buildPhases = (
				8B593D8123ACEA050090AC60 /* Sources */,
				8B593D8223ACEA050090AC60 /* Frameworks */,
				8B593D8323ACEA050090AC60 /* Resources */,
			);
			buildRules = (
			);
			dependencies = (
				8B593D8723ACEA050090AC60 /* PBXTargetDependency */,
			);
			name = DatastoreViewerTests;
			productName = DatastoreViewerTests;
			productReference = 8B593D8523ACEA050090AC60 /* DatastoreViewerTests.xctest */;
			productType = "com.apple.product-type.bundle.unit-test";
		};
		8B593D8F23ACEA050090AC60 /* DatastoreViewerUITests */ = {
			isa = PBXNativeTarget;
			buildConfigurationList = 8B593D9F23ACEA050090AC60 /* Build configuration list for PBXNativeTarget "DatastoreViewerUITests" */;
			buildPhases = (
				8B593D8C23ACEA050090AC60 /* Sources */,
				8B593D8D23ACEA050090AC60 /* Frameworks */,
				8B593D8E23ACEA050090AC60 /* Resources */,
			);
			buildRules = (
			);
			dependencies = (
				8B593D9223ACEA050090AC60 /* PBXTargetDependency */,
			);
			name = DatastoreViewerUITests;
			productName = DatastoreViewerUITests;
			productReference = 8B593D9023ACEA050090AC60 /* DatastoreViewerUITests.xctest */;
			productType = "com.apple.product-type.bundle.ui-testing";
		};
/* End PBXNativeTarget section */

/* Begin PBXProject section */
		8B593D6523ACEA040090AC60 /* Project object */ = {
			isa = PBXProject;
			attributes = {
				LastSwiftUpdateCheck = 1130;
				LastUpgradeCheck = 1130;
				ORGANIZATIONNAME = "Elegant Chaos";
				TargetAttributes = {
					8B593D6C23ACEA040090AC60 = {
						CreatedOnToolsVersion = 11.3;
					};
					8B593D8423ACEA050090AC60 = {
						CreatedOnToolsVersion = 11.3;
						TestTargetID = 8B593D6C23ACEA040090AC60;
					};
					8B593D8F23ACEA050090AC60 = {
						CreatedOnToolsVersion = 11.3;
						TestTargetID = 8B593D6C23ACEA040090AC60;
					};
				};
			};
			buildConfigurationList = 8B593D6823ACEA040090AC60 /* Build configuration list for PBXProject "DatastoreViewer" */;
			compatibilityVersion = "Xcode 9.3";
			developmentRegion = en;
			hasScannedForEncodings = 0;
			knownRegions = (
				en,
				Base,
			);
			mainGroup = 8B593D6423ACEA040090AC60;
			packageReferences = (
				8B593DA223ACEAB90090AC60 /* XCRemoteSwiftPackageReference "Datastore" */,
				8B59BC7523D7231E007185B9 /* XCRemoteSwiftPackageReference "ApplicationExtensions" */,
			);
			productRefGroup = 8B593D6E23ACEA040090AC60 /* Products */;
			projectDirPath = "";
			projectRoot = "";
			targets = (
				8B593D6C23ACEA040090AC60 /* DatastoreViewer */,
				8B593D8423ACEA050090AC60 /* DatastoreViewerTests */,
				8B593D8F23ACEA050090AC60 /* DatastoreViewerUITests */,
			);
		};
/* End PBXProject section */

/* Begin PBXResourcesBuildPhase section */
		8B593D6B23ACEA040090AC60 /* Resources */ = {
			isa = PBXResourcesBuildPhase;
			buildActionMask = 2147483647;
			files = (
				8B593D7F23ACEA050090AC60 /* LaunchScreen.storyboard in Resources */,
				8B593D7C23ACEA050090AC60 /* Assets.xcassets in Resources */,
				8B593D7A23ACEA040090AC60 /* Main.storyboard in Resources */,
				8B59BC7423D7215E007185B9 /* SampleData.json in Resources */,
			);
			runOnlyForDeploymentPostprocessing = 0;
		};
		8B593D8323ACEA050090AC60 /* Resources */ = {
			isa = PBXResourcesBuildPhase;
			buildActionMask = 2147483647;
			files = (
			);
			runOnlyForDeploymentPostprocessing = 0;
		};
		8B593D8E23ACEA050090AC60 /* Resources */ = {
			isa = PBXResourcesBuildPhase;
			buildActionMask = 2147483647;
			files = (
			);
			runOnlyForDeploymentPostprocessing = 0;
		};
/* End PBXResourcesBuildPhase section */

/* Begin PBXSourcesBuildPhase section */
		8B593D6923ACEA040090AC60 /* Sources */ = {
			isa = PBXSourcesBuildPhase;
			buildActionMask = 2147483647;
			files = (
				8B593D7723ACEA040090AC60 /* InterchangeDocument.swift in Sources */,
				8B598ADA23CCBE9F005873E1 /* DocumentFailedViewController.swift in Sources */,
				8B593D7523ACEA040090AC60 /* DocumentViewController.swift in Sources */,
				8B593D7323ACEA040090AC60 /* DocumentBrowserViewController.swift in Sources */,
				8B593D7123ACEA040090AC60 /* AppDelegate.swift in Sources */,
			);
			runOnlyForDeploymentPostprocessing = 0;
		};
		8B593D8123ACEA050090AC60 /* Sources */ = {
			isa = PBXSourcesBuildPhase;
			buildActionMask = 2147483647;
			files = (
				8B593D8A23ACEA050090AC60 /* DatastoreViewerTests.swift in Sources */,
			);
			runOnlyForDeploymentPostprocessing = 0;
		};
		8B593D8C23ACEA050090AC60 /* Sources */ = {
			isa = PBXSourcesBuildPhase;
			buildActionMask = 2147483647;
			files = (
				8B593D9523ACEA050090AC60 /* DatastoreViewerUITests.swift in Sources */,
			);
			runOnlyForDeploymentPostprocessing = 0;
		};
/* End PBXSourcesBuildPhase section */

/* Begin PBXTargetDependency section */
		8B593D8723ACEA050090AC60 /* PBXTargetDependency */ = {
			isa = PBXTargetDependency;
			target = 8B593D6C23ACEA040090AC60 /* DatastoreViewer */;
			targetProxy = 8B593D8623ACEA050090AC60 /* PBXContainerItemProxy */;
		};
		8B593D9223ACEA050090AC60 /* PBXTargetDependency */ = {
			isa = PBXTargetDependency;
			target = 8B593D6C23ACEA040090AC60 /* DatastoreViewer */;
			targetProxy = 8B593D9123ACEA050090AC60 /* PBXContainerItemProxy */;
		};
/* End PBXTargetDependency section */

/* Begin PBXVariantGroup section */
		8B593D7823ACEA040090AC60 /* Main.storyboard */ = {
			isa = PBXVariantGroup;
			children = (
				8B593D7923ACEA040090AC60 /* Base */,
			);
			name = Main.storyboard;
			sourceTree = "<group>";
		};
		8B593D7D23ACEA050090AC60 /* LaunchScreen.storyboard */ = {
			isa = PBXVariantGroup;
			children = (
				8B593D7E23ACEA050090AC60 /* Base */,
			);
			name = LaunchScreen.storyboard;
			sourceTree = "<group>";
		};
/* End PBXVariantGroup section */

/* Begin XCBuildConfiguration section */
		8B593D9723ACEA050090AC60 /* Debug */ = {
			isa = XCBuildConfiguration;
			buildSettings = {
				ALWAYS_SEARCH_USER_PATHS = NO;
				CLANG_ANALYZER_NONNULL = YES;
				CLANG_ANALYZER_NUMBER_OBJECT_CONVERSION = YES_AGGRESSIVE;
				CLANG_CXX_LANGUAGE_STANDARD = "gnu++14";
				CLANG_CXX_LIBRARY = "libc++";
				CLANG_ENABLE_MODULES = YES;
				CLANG_ENABLE_OBJC_ARC = YES;
				CLANG_ENABLE_OBJC_WEAK = YES;
				CLANG_WARN_BLOCK_CAPTURE_AUTORELEASING = YES;
				CLANG_WARN_BOOL_CONVERSION = YES;
				CLANG_WARN_COMMA = YES;
				CLANG_WARN_CONSTANT_CONVERSION = YES;
				CLANG_WARN_DEPRECATED_OBJC_IMPLEMENTATIONS = YES;
				CLANG_WARN_DIRECT_OBJC_ISA_USAGE = YES_ERROR;
				CLANG_WARN_DOCUMENTATION_COMMENTS = YES;
				CLANG_WARN_EMPTY_BODY = YES;
				CLANG_WARN_ENUM_CONVERSION = YES;
				CLANG_WARN_INFINITE_RECURSION = YES;
				CLANG_WARN_INT_CONVERSION = YES;
				CLANG_WARN_NON_LITERAL_NULL_CONVERSION = YES;
				CLANG_WARN_OBJC_IMPLICIT_RETAIN_SELF = YES;
				CLANG_WARN_OBJC_LITERAL_CONVERSION = YES;
				CLANG_WARN_OBJC_ROOT_CLASS = YES_ERROR;
				CLANG_WARN_RANGE_LOOP_ANALYSIS = YES;
				CLANG_WARN_STRICT_PROTOTYPES = YES;
				CLANG_WARN_SUSPICIOUS_MOVE = YES;
				CLANG_WARN_UNGUARDED_AVAILABILITY = YES_AGGRESSIVE;
				CLANG_WARN_UNREACHABLE_CODE = YES;
				CLANG_WARN__DUPLICATE_METHOD_MATCH = YES;
				COPY_PHASE_STRIP = NO;
				DEBUG_INFORMATION_FORMAT = dwarf;
				ENABLE_STRICT_OBJC_MSGSEND = YES;
				ENABLE_TESTABILITY = YES;
				GCC_C_LANGUAGE_STANDARD = gnu11;
				GCC_DYNAMIC_NO_PIC = NO;
				GCC_NO_COMMON_BLOCKS = YES;
				GCC_OPTIMIZATION_LEVEL = 0;
				GCC_PREPROCESSOR_DEFINITIONS = (
					"DEBUG=1",
					"$(inherited)",
				);
				GCC_WARN_64_TO_32_BIT_CONVERSION = YES;
				GCC_WARN_ABOUT_RETURN_TYPE = YES_ERROR;
				GCC_WARN_UNDECLARED_SELECTOR = YES;
				GCC_WARN_UNINITIALIZED_AUTOS = YES_AGGRESSIVE;
				GCC_WARN_UNUSED_FUNCTION = YES;
				GCC_WARN_UNUSED_VARIABLE = YES;
				IPHONEOS_DEPLOYMENT_TARGET = 13.2;
				MTL_ENABLE_DEBUG_INFO = INCLUDE_SOURCE;
				MTL_FAST_MATH = YES;
				ONLY_ACTIVE_ARCH = YES;
				SDKROOT = iphoneos;
				SWIFT_ACTIVE_COMPILATION_CONDITIONS = DEBUG;
				SWIFT_OPTIMIZATION_LEVEL = "-Onone";
			};
			name = Debug;
		};
		8B593D9823ACEA050090AC60 /* Release */ = {
			isa = XCBuildConfiguration;
			buildSettings = {
				ALWAYS_SEARCH_USER_PATHS = NO;
				CLANG_ANALYZER_NONNULL = YES;
				CLANG_ANALYZER_NUMBER_OBJECT_CONVERSION = YES_AGGRESSIVE;
				CLANG_CXX_LANGUAGE_STANDARD = "gnu++14";
				CLANG_CXX_LIBRARY = "libc++";
				CLANG_ENABLE_MODULES = YES;
				CLANG_ENABLE_OBJC_ARC = YES;
				CLANG_ENABLE_OBJC_WEAK = YES;
				CLANG_WARN_BLOCK_CAPTURE_AUTORELEASING = YES;
				CLANG_WARN_BOOL_CONVERSION = YES;
				CLANG_WARN_COMMA = YES;
				CLANG_WARN_CONSTANT_CONVERSION = YES;
				CLANG_WARN_DEPRECATED_OBJC_IMPLEMENTATIONS = YES;
				CLANG_WARN_DIRECT_OBJC_ISA_USAGE = YES_ERROR;
				CLANG_WARN_DOCUMENTATION_COMMENTS = YES;
				CLANG_WARN_EMPTY_BODY = YES;
				CLANG_WARN_ENUM_CONVERSION = YES;
				CLANG_WARN_INFINITE_RECURSION = YES;
				CLANG_WARN_INT_CONVERSION = YES;
				CLANG_WARN_NON_LITERAL_NULL_CONVERSION = YES;
				CLANG_WARN_OBJC_IMPLICIT_RETAIN_SELF = YES;
				CLANG_WARN_OBJC_LITERAL_CONVERSION = YES;
				CLANG_WARN_OBJC_ROOT_CLASS = YES_ERROR;
				CLANG_WARN_RANGE_LOOP_ANALYSIS = YES;
				CLANG_WARN_STRICT_PROTOTYPES = YES;
				CLANG_WARN_SUSPICIOUS_MOVE = YES;
				CLANG_WARN_UNGUARDED_AVAILABILITY = YES_AGGRESSIVE;
				CLANG_WARN_UNREACHABLE_CODE = YES;
				CLANG_WARN__DUPLICATE_METHOD_MATCH = YES;
				COPY_PHASE_STRIP = NO;
				DEBUG_INFORMATION_FORMAT = "dwarf-with-dsym";
				ENABLE_NS_ASSERTIONS = NO;
				ENABLE_STRICT_OBJC_MSGSEND = YES;
				GCC_C_LANGUAGE_STANDARD = gnu11;
				GCC_NO_COMMON_BLOCKS = YES;
				GCC_WARN_64_TO_32_BIT_CONVERSION = YES;
				GCC_WARN_ABOUT_RETURN_TYPE = YES_ERROR;
				GCC_WARN_UNDECLARED_SELECTOR = YES;
				GCC_WARN_UNINITIALIZED_AUTOS = YES_AGGRESSIVE;
				GCC_WARN_UNUSED_FUNCTION = YES;
				GCC_WARN_UNUSED_VARIABLE = YES;
				IPHONEOS_DEPLOYMENT_TARGET = 13.2;
				MTL_ENABLE_DEBUG_INFO = NO;
				MTL_FAST_MATH = YES;
				SDKROOT = iphoneos;
				SWIFT_COMPILATION_MODE = wholemodule;
				SWIFT_OPTIMIZATION_LEVEL = "-O";
				VALIDATE_PRODUCT = YES;
			};
			name = Release;
		};
		8B593D9A23ACEA050090AC60 /* Debug */ = {
			isa = XCBuildConfiguration;
			buildSettings = {
				ASSETCATALOG_COMPILER_APPICON_NAME = iOSAppIcon;
				CODE_SIGN_ENTITLEMENTS = DatastoreViewer/DatastoreViewer.entitlements;
				CODE_SIGN_STYLE = Automatic;
				DERIVE_MACCATALYST_PRODUCT_BUNDLE_IDENTIFIER = YES;
				DEVELOPMENT_TEAM = 2H48644JM2;
				INFOPLIST_FILE = DatastoreViewer/Info.plist;
				LD_RUNPATH_SEARCH_PATHS = (
					"$(inherited)",
					"@executable_path/Frameworks",
				);
				PRODUCT_BUNDLE_IDENTIFIER = com.elegantchaos.DatastoreViewer;
				PRODUCT_NAME = "$(TARGET_NAME)";
				SUPPORTS_MACCATALYST = YES;
				SWIFT_VERSION = 5.0;
				TARGETED_DEVICE_FAMILY = "1,2";
			};
			name = Debug;
		};
		8B593D9B23ACEA050090AC60 /* Release */ = {
			isa = XCBuildConfiguration;
			buildSettings = {
				ASSETCATALOG_COMPILER_APPICON_NAME = iOSAppIcon;
				CODE_SIGN_ENTITLEMENTS = DatastoreViewer/DatastoreViewer.entitlements;
				CODE_SIGN_STYLE = Automatic;
				DERIVE_MACCATALYST_PRODUCT_BUNDLE_IDENTIFIER = YES;
				DEVELOPMENT_TEAM = 2H48644JM2;
				INFOPLIST_FILE = DatastoreViewer/Info.plist;
				LD_RUNPATH_SEARCH_PATHS = (
					"$(inherited)",
					"@executable_path/Frameworks",
				);
				PRODUCT_BUNDLE_IDENTIFIER = com.elegantchaos.DatastoreViewer;
				PRODUCT_NAME = "$(TARGET_NAME)";
				SUPPORTS_MACCATALYST = YES;
				SWIFT_VERSION = 5.0;
				TARGETED_DEVICE_FAMILY = "1,2";
			};
			name = Release;
		};
		8B593D9D23ACEA050090AC60 /* Debug */ = {
			isa = XCBuildConfiguration;
			buildSettings = {
				ALWAYS_EMBED_SWIFT_STANDARD_LIBRARIES = YES;
				BUNDLE_LOADER = "$(TEST_HOST)";
				CODE_SIGN_STYLE = Automatic;
				DEVELOPMENT_TEAM = 2H48644JM2;
				INFOPLIST_FILE = DatastoreViewerTests/Info.plist;
				IPHONEOS_DEPLOYMENT_TARGET = 13.2;
				LD_RUNPATH_SEARCH_PATHS = (
					"$(inherited)",
					"@executable_path/Frameworks",
					"@loader_path/Frameworks",
				);
				PRODUCT_BUNDLE_IDENTIFIER = com.elegantchaos.DatastoreViewerTests;
				PRODUCT_NAME = "$(TARGET_NAME)";
				SWIFT_VERSION = 5.0;
				TARGETED_DEVICE_FAMILY = "1,2";
				TEST_HOST = "$(BUILT_PRODUCTS_DIR)/DatastoreViewer.app/DatastoreViewer";
			};
			name = Debug;
		};
		8B593D9E23ACEA050090AC60 /* Release */ = {
			isa = XCBuildConfiguration;
			buildSettings = {
				ALWAYS_EMBED_SWIFT_STANDARD_LIBRARIES = YES;
				BUNDLE_LOADER = "$(TEST_HOST)";
				CODE_SIGN_STYLE = Automatic;
				DEVELOPMENT_TEAM = 2H48644JM2;
				INFOPLIST_FILE = DatastoreViewerTests/Info.plist;
				IPHONEOS_DEPLOYMENT_TARGET = 13.2;
				LD_RUNPATH_SEARCH_PATHS = (
					"$(inherited)",
					"@executable_path/Frameworks",
					"@loader_path/Frameworks",
				);
				PRODUCT_BUNDLE_IDENTIFIER = com.elegantchaos.DatastoreViewerTests;
				PRODUCT_NAME = "$(TARGET_NAME)";
				SWIFT_VERSION = 5.0;
				TARGETED_DEVICE_FAMILY = "1,2";
				TEST_HOST = "$(BUILT_PRODUCTS_DIR)/DatastoreViewer.app/DatastoreViewer";
			};
			name = Release;
		};
		8B593DA023ACEA050090AC60 /* Debug */ = {
			isa = XCBuildConfiguration;
			buildSettings = {
				ALWAYS_EMBED_SWIFT_STANDARD_LIBRARIES = YES;
				CODE_SIGN_STYLE = Automatic;
				DEVELOPMENT_TEAM = 2H48644JM2;
				INFOPLIST_FILE = DatastoreViewerUITests/Info.plist;
				LD_RUNPATH_SEARCH_PATHS = (
					"$(inherited)",
					"@executable_path/Frameworks",
					"@loader_path/Frameworks",
				);
				PRODUCT_BUNDLE_IDENTIFIER = com.elegantchaos.DatastoreViewerUITests;
				PRODUCT_NAME = "$(TARGET_NAME)";
				SWIFT_VERSION = 5.0;
				TARGETED_DEVICE_FAMILY = "1,2";
				TEST_TARGET_NAME = DatastoreViewer;
			};
			name = Debug;
		};
		8B593DA123ACEA050090AC60 /* Release */ = {
			isa = XCBuildConfiguration;
			buildSettings = {
				ALWAYS_EMBED_SWIFT_STANDARD_LIBRARIES = YES;
				CODE_SIGN_STYLE = Automatic;
				DEVELOPMENT_TEAM = 2H48644JM2;
				INFOPLIST_FILE = DatastoreViewerUITests/Info.plist;
				LD_RUNPATH_SEARCH_PATHS = (
					"$(inherited)",
					"@executable_path/Frameworks",
					"@loader_path/Frameworks",
				);
				PRODUCT_BUNDLE_IDENTIFIER = com.elegantchaos.DatastoreViewerUITests;
				PRODUCT_NAME = "$(TARGET_NAME)";
				SWIFT_VERSION = 5.0;
				TARGETED_DEVICE_FAMILY = "1,2";
				TEST_TARGET_NAME = DatastoreViewer;
			};
			name = Release;
		};
/* End XCBuildConfiguration section */

/* Begin XCConfigurationList section */
		8B593D6823ACEA040090AC60 /* Build configuration list for PBXProject "DatastoreViewer" */ = {
			isa = XCConfigurationList;
			buildConfigurations = (
				8B593D9723ACEA050090AC60 /* Debug */,
				8B593D9823ACEA050090AC60 /* Release */,
			);
			defaultConfigurationIsVisible = 0;
			defaultConfigurationName = Release;
		};
		8B593D9923ACEA050090AC60 /* Build configuration list for PBXNativeTarget "DatastoreViewer" */ = {
			isa = XCConfigurationList;
			buildConfigurations = (
				8B593D9A23ACEA050090AC60 /* Debug */,
				8B593D9B23ACEA050090AC60 /* Release */,
			);
			defaultConfigurationIsVisible = 0;
			defaultConfigurationName = Release;
		};
		8B593D9C23ACEA050090AC60 /* Build configuration list for PBXNativeTarget "DatastoreViewerTests" */ = {
			isa = XCConfigurationList;
			buildConfigurations = (
				8B593D9D23ACEA050090AC60 /* Debug */,
				8B593D9E23ACEA050090AC60 /* Release */,
			);
			defaultConfigurationIsVisible = 0;
			defaultConfigurationName = Release;
		};
		8B593D9F23ACEA050090AC60 /* Build configuration list for PBXNativeTarget "DatastoreViewerUITests" */ = {
			isa = XCConfigurationList;
			buildConfigurations = (
				8B593DA023ACEA050090AC60 /* Debug */,
				8B593DA123ACEA050090AC60 /* Release */,
			);
			defaultConfigurationIsVisible = 0;
			defaultConfigurationName = Release;
		};
/* End XCConfigurationList section */

/* Begin XCRemoteSwiftPackageReference section */
		8B593DA223ACEAB90090AC60 /* XCRemoteSwiftPackageReference "Datastore" */ = {
			isa = XCRemoteSwiftPackageReference;
			repositoryURL = "git@github.com:elegantchaos/Datastore.git";
			requirement = {
				kind = upToNextMajorVersion;
				minimumVersion = 1.2.0;
			};
		};
		8B59BC7523D7231E007185B9 /* XCRemoteSwiftPackageReference "ApplicationExtensions" */ = {
			isa = XCRemoteSwiftPackageReference;
			repositoryURL = "git@github.com:elegantchaos/ApplicationExtensions.git";
			requirement = {
				kind = upToNextMajorVersion;
				minimumVersion = 1.0.0;
			};
		};
/* End XCRemoteSwiftPackageReference section */

/* Begin XCSwiftPackageProductDependency section */
		8B593DA323ACEAB90090AC60 /* Datastore */ = {
			isa = XCSwiftPackageProductDependency;
			package = 8B593DA223ACEAB90090AC60 /* XCRemoteSwiftPackageReference "Datastore" */;
			productName = Datastore;
		};
		8B593DA823AD2A0C0090AC60 /* DatastoreKit */ = {
			isa = XCSwiftPackageProductDependency;
			productName = DatastoreKit;
		};
		8B59BC7623D7231E007185B9 /* ApplicationExtensions */ = {
			isa = XCSwiftPackageProductDependency;
			package = 8B59BC7523D7231E007185B9 /* XCRemoteSwiftPackageReference "ApplicationExtensions" */;
			productName = ApplicationExtensions;
		};
/* End XCSwiftPackageProductDependency section */
	};
	rootObject = 8B593D6523ACEA040090AC60 /* Project object */;
}
